
Microsoft Visual Studio Solution File, Format Version 12.00
# Visual Studio Version 16
VisualStudioVersion = 16.0.30907.101
MinimumVisualStudioVersion = 10.0.40219.1
Project("{FAE04EC0-301F-11D3-BF4B-00C04F79EFBC}") = "Projetbdd", "Projetbdd.csproj", "{0CDE27FF-7940-4069-AE6A-ED147A11B945}"
EndProject
Global
	GlobalSection(SolutionConfigurationPlatforms) = preSolution
		Debug|Any CPU = Debug|Any CPU
		Release|Any CPU = Release|Any CPU
	EndGlobalSection
	GlobalSection(ProjectConfigurationPlatforms) = postSolution
		{0CDE27FF-7940-4069-AE6A-ED147A11B945}.Debug|Any CPU.ActiveCfg = Debug|Any CPU
		{0CDE27FF-7940-4069-AE6A-ED147A11B945}.Debug|Any CPU.Build.0 = Debug|Any CPU
		{0CDE27FF-7940-4069-AE6A-ED147A11B945}.Release|Any CPU.ActiveCfg = Release|Any CPU
		{0CDE27FF-7940-4069-AE6A-ED147A11B945}.Release|Any CPU.Build.0 = Release|Any CPU
	EndGlobalSection
	GlobalSection(SolutionProperties) = preSolution
		HideSolutionNode = FALSE
	EndGlobalSection
	GlobalSection(ExtensibilityGlobals) = postSolution
		SolutionGuid = {17E502CB-C09D-4DD6-A789-84BBC1070CEB}
	EndGlobalSection
EndGlobal
